
Microsoft Visual Studio Solution File, Format Version 12.00
# Visual Studio Version 16
VisualStudioVersion = 16.0.30523.141
MinimumVisualStudioVersion = 10.0.40219.1
Project("{FAE04EC0-301F-11D3-BF4B-00C04F79EFBC}") = "KennelCheckin.MVC", "KennelCheckin.MVC\KennelCheckin.MVC.csproj", "{F2EFF824-C798-4F1B-B0B8-9B02656F5431}"
EndProject
Project("{FAE04EC0-301F-11D3-BF4B-00C04F79EFBC}") = "Kennel.Data", "KennelData\Kennel.Data.csproj", "{CBCB0253-2CA2-4AB1-8337-16D21535759E}"
EndProject
Project("{FAE04EC0-301F-11D3-BF4B-00C04F79EFBC}") = "Kennel.Models", "Kennel.Models\Kennel.Models.csproj", "{FC89133A-FCEE-45E0-8413-9E304A2B37F7}"
EndProject
Project("{FAE04EC0-301F-11D3-BF4B-00C04F79EFBC}") = "Kennel.Service", "Kennel.Service\Kennel.Service.csproj", "{4C240DC2-CCDF-4156-9121-D3BF5F5FEC9C}"
EndProject
Global
	GlobalSection(SolutionConfigurationPlatforms) = preSolution
		Debug|Any CPU = Debug|Any CPU
		Release|Any CPU = Release|Any CPU
	EndGlobalSection
	GlobalSection(ProjectConfigurationPlatforms) = postSolution
		{F2EFF824-C798-4F1B-B0B8-9B02656F5431}.Debug|Any CPU.ActiveCfg = Debug|Any CPU
		{F2EFF824-C798-4F1B-B0B8-9B02656F5431}.Debug|Any CPU.Build.0 = Debug|Any CPU
		{F2EFF824-C798-4F1B-B0B8-9B02656F5431}.Release|Any CPU.ActiveCfg = Release|Any CPU
		{F2EFF824-C798-4F1B-B0B8-9B02656F5431}.Release|Any CPU.Build.0 = Release|Any CPU
		{CBCB0253-2CA2-4AB1-8337-16D21535759E}.Debug|Any CPU.ActiveCfg = Debug|Any CPU
		{CBCB0253-2CA2-4AB1-8337-16D21535759E}.Debug|Any CPU.Build.0 = Debug|Any CPU
		{CBCB0253-2CA2-4AB1-8337-16D21535759E}.Release|Any CPU.ActiveCfg = Release|Any CPU
		{CBCB0253-2CA2-4AB1-8337-16D21535759E}.Release|Any CPU.Build.0 = Release|Any CPU
		{FC89133A-FCEE-45E0-8413-9E304A2B37F7}.Debug|Any CPU.ActiveCfg = Debug|Any CPU
		{FC89133A-FCEE-45E0-8413-9E304A2B37F7}.Debug|Any CPU.Build.0 = Debug|Any CPU
		{FC89133A-FCEE-45E0-8413-9E304A2B37F7}.Release|Any CPU.ActiveCfg = Release|Any CPU
		{FC89133A-FCEE-45E0-8413-9E304A2B37F7}.Release|Any CPU.Build.0 = Release|Any CPU
		{4C240DC2-CCDF-4156-9121-D3BF5F5FEC9C}.Debug|Any CPU.ActiveCfg = Debug|Any CPU
		{4C240DC2-CCDF-4156-9121-D3BF5F5FEC9C}.Debug|Any CPU.Build.0 = Debug|Any CPU
		{4C240DC2-CCDF-4156-9121-D3BF5F5FEC9C}.Release|Any CPU.ActiveCfg = Release|Any CPU
		{4C240DC2-CCDF-4156-9121-D3BF5F5FEC9C}.Release|Any CPU.Build.0 = Release|Any CPU
	EndGlobalSection
	GlobalSection(SolutionProperties) = preSolution
		HideSolutionNode = FALSE
	EndGlobalSection
	GlobalSection(ExtensibilityGlobals) = postSolution
		SolutionGuid = {6FF18A8B-499A-45D7-B938-28810068870E}
	EndGlobalSection
EndGlobal
